
Microsoft Visual Studio Solution File, Format Version 12.00
# Visual Studio Version 17
VisualStudioVersion = 17.2.32505.173
MinimumVisualStudioVersion = 10.0.40219.1
Project("{9A19103F-16F7-4668-BE54-9A1E7A4F7556}") = "WebJobs.Extensions.RabbitMQ", "WebJobs.Extensions.RabbitMQ\WebJobs.Extensions.RabbitMQ.csproj", "{9DB4F409-0611-42FA-A64E-B17C23A406D3}"
EndProject
Project("{9A19103F-16F7-4668-BE54-9A1E7A4F7556}") = "WebJobs.Extensions.RabbitMQ.IntegrationTests", "WebJobs.Extensions.RabbitMQ.IntegrationTests\WebJobs.Extensions.RabbitMQ.IntegrationTests.csproj", "{A04C60A0-52D3-4B40-BC10-D0A2E92D2B60}"
EndProject
Project("{9A19103F-16F7-4668-BE54-9A1E7A4F7556}") = "WebJobs.Extensions.RabbitMQ.UnitTests", "WebJobs.Extensions.RabbitMQ.UnitTests\WebJobs.Extensions.RabbitMQ.UnitTests.csproj", "{275A08CC-6C95-4304-92DC-558996A422BE}"
EndProject
Global
	GlobalSection(SolutionConfigurationPlatforms) = preSolution
		Debug|Any CPU = Debug|Any CPU
		Release|Any CPU = Release|Any CPU
	EndGlobalSection
	GlobalSection(ProjectConfigurationPlatforms) = postSolution
		{9DB4F409-0611-42FA-A64E-B17C23A406D3}.Debug|Any CPU.ActiveCfg = Debug|Any CPU
		{9DB4F409-0611-42FA-A64E-B17C23A406D3}.Debug|Any CPU.Build.0 = Debug|Any CPU
		{9DB4F409-0611-42FA-A64E-B17C23A406D3}.Release|Any CPU.ActiveCfg = Release|Any CPU
		{9DB4F409-0611-42FA-A64E-B17C23A406D3}.Release|Any CPU.Build.0 = Release|Any CPU
		{A04C60A0-52D3-4B40-BC10-D0A2E92D2B60}.Debug|Any CPU.ActiveCfg = Debug|Any CPU
		{A04C60A0-52D3-4B40-BC10-D0A2E92D2B60}.Debug|Any CPU.Build.0 = Debug|Any CPU
		{A04C60A0-52D3-4B40-BC10-D0A2E92D2B60}.Release|Any CPU.ActiveCfg = Release|Any CPU
		{A04C60A0-52D3-4B40-BC10-D0A2E92D2B60}.Release|Any CPU.Build.0 = Release|Any CPU
		{275A08CC-6C95-4304-92DC-558996A422BE}.Debug|Any CPU.ActiveCfg = Debug|Any CPU
		{275A08CC-6C95-4304-92DC-558996A422BE}.Debug|Any CPU.Build.0 = Debug|Any CPU
		{275A08CC-6C95-4304-92DC-558996A422BE}.Release|Any CPU.ActiveCfg = Release|Any CPU
		{275A08CC-6C95-4304-92DC-558996A422BE}.Release|Any CPU.Build.0 = Release|Any CPU
	EndGlobalSection
	GlobalSection(SolutionProperties) = preSolution
		HideSolutionNode = FALSE
	EndGlobalSection
	GlobalSection(ExtensibilityGlobals) = postSolution
		SolutionGuid = {0949852B-70FF-4B7B-A168-30F11A801EB3}
	EndGlobalSection
EndGlobal
